// !$*UTF8*$!
{
	archiveVersion = 1;
	classes = {
	};
	objectVersion = 50;
	objects = {

/* Begin PBXBuildFile section */
		322797E42374A01D0049B19D /* AppDelegate.m in Sources */ = {isa = PBXBuildFile; fileRef = 322797E32374A01D0049B19D /* AppDelegate.m */; };
		322797E72374A01D0049B19D /* SceneDelegate.m in Sources */ = {isa = PBXBuildFile; fileRef = 322797E62374A01D0049B19D /* SceneDelegate.m */; };
		322797EA2374A01D0049B19D /* ViewController.m in Sources */ = {isa = PBXBuildFile; fileRef = 322797E92374A01D0049B19D /* ViewController.m */; };
		322797ED2374A01D0049B19D /* Main.storyboard in Resources */ = {isa = PBXBuildFile; fileRef = 322797EB2374A01D0049B19D /* Main.storyboard */; };
		322797EF2374A0200049B19D /* Assets.xcassets in Resources */ = {isa = PBXBuildFile; fileRef = 322797EE2374A0200049B19D /* Assets.xcassets */; };
		322797F22374A0200049B19D /* LaunchScreen.storyboard in Resources */ = {isa = PBXBuildFile; fileRef = 322797F02374A0200049B19D /* LaunchScreen.storyboard */; };
		322797F52374A0200049B19D /* main.m in Sources */ = {isa = PBXBuildFile; fileRef = 322797F42374A0200049B19D /* main.m */; };
		322797FD2374A7BA0049B19D /* LSIPerson.m in Sources */ = {isa = PBXBuildFile; fileRef = 322797FB2374A7B90049B19D /* LSIPerson.m */; };
/* End PBXBuildFile section */

/* Begin PBXFileReference section */
		322797DF2374A01D0049B19D /* ios-Numbers.app */ = {isa = PBXFileReference; explicitFileType = wrapper.application; includeInIndex = 0; path = "ios-Numbers.app"; sourceTree = BUILT_PRODUCTS_DIR; };
		322797E22374A01D0049B19D /* AppDelegate.h */ = {isa = PBXFileReference; lastKnownFileType = sourcecode.c.h; path = AppDelegate.h; sourceTree = "<group>"; };
		322797E32374A01D0049B19D /* AppDelegate.m */ = {isa = PBXFileReference; lastKnownFileType = sourcecode.c.objc; path = AppDelegate.m; sourceTree = "<group>"; };
		322797E52374A01D0049B19D /* SceneDelegate.h */ = {isa = PBXFileReference; lastKnownFileType = sourcecode.c.h; path = SceneDelegate.h; sourceTree = "<group>"; };
		322797E62374A01D0049B19D /* SceneDelegate.m */ = {isa = PBXFileReference; lastKnownFileType = sourcecode.c.objc; path = SceneDelegate.m; sourceTree = "<group>"; };
		322797E82374A01D0049B19D /* ViewController.h */ = {isa = PBXFileReference; lastKnownFileType = sourcecode.c.h; path = ViewController.h; sourceTree = "<group>"; };
		322797E92374A01D0049B19D /* ViewController.m */ = {isa = PBXFileReference; lastKnownFileType = sourcecode.c.objc; path = ViewController.m; sourceTree = "<group>"; };
		322797EC2374A01D0049B19D /* Base */ = {isa = PBXFileReference; lastKnownFileType = file.storyboard; name = Base; path = Base.lproj/Main.storyboard; sourceTree = "<group>"; };
		322797EE2374A0200049B19D /* Assets.xcassets */ = {isa = PBXFileReference; lastKnownFileType = folder.assetcatalog; path = Assets.xcassets; sourceTree = "<group>"; };
		322797F12374A0200049B19D /* Base */ = {isa = PBXFileReference; lastKnownFileType = file.storyboard; name = Base; path = Base.lproj/LaunchScreen.storyboard; sourceTree = "<group>"; };
		322797F32374A0200049B19D /* Info.plist */ = {isa = PBXFileReference; lastKnownFileType = text.plist.xml; path = Info.plist; sourceTree = "<group>"; };
		322797F42374A0200049B19D /* main.m */ = {isa = PBXFileReference; lastKnownFileType = sourcecode.c.objc; path = main.m; sourceTree = "<group>"; };
		322797FB2374A7B90049B19D /* LSIPerson.m */ = {isa = PBXFileReference; fileEncoding = 4; lastKnownFileType = sourcecode.c.objc; path = LSIPerson.m; sourceTree = "<group>"; };
		322797FC2374A7BA0049B19D /* LSIPerson.h */ = {isa = PBXFileReference; fileEncoding = 4; lastKnownFileType = sourcecode.c.h; path = LSIPerson.h; sourceTree = "<group>"; };
/* End PBXFileReference section */

/* Begin PBXFrameworksBuildPhase section */
		322797DC2374A01D0049B19D /* Frameworks */ = {
			isa = PBXFrameworksBuildPhase;
			buildActionMask = 2147483647;
			files = (
			);
			runOnlyForDeploymentPostprocessing = 0;
		};
/* End PBXFrameworksBuildPhase section */

/* Begin PBXGroup section */
		322797D62374A01D0049B19D = {
			isa = PBXGroup;
			children = (
				322797E12374A01D0049B19D /* ios-Numbers */,
				322797E02374A01D0049B19D /* Products */,
			);
			sourceTree = "<group>";
		};
		322797E02374A01D0049B19D /* Products */ = {
			isa = PBXGroup;
			children = (
				322797DF2374A01D0049B19D /* ios-Numbers.app */,
			);
			name = Products;
			sourceTree = "<group>";
		};
		322797E12374A01D0049B19D /* ios-Numbers */ = {
			isa = PBXGroup;
			children = (
				322797FC2374A7BA0049B19D /* LSIPerson.h */,
				322797FB2374A7B90049B19D /* LSIPerson.m */,
				322797E22374A01D0049B19D /* AppDelegate.h */,
				322797E32374A01D0049B19D /* AppDelegate.m */,
				322797E52374A01D0049B19D /* SceneDelegate.h */,
				322797E62374A01D0049B19D /* SceneDelegate.m */,
				322797E82374A01D0049B19D /* ViewController.h */,
				322797E92374A01D0049B19D /* ViewController.m */,
				322797EB2374A01D0049B19D /* Main.storyboard */,
				322797EE2374A0200049B19D /* Assets.xcassets */,
				322797F02374A0200049B19D /* LaunchScreen.storyboard */,
				322797F32374A0200049B19D /* Info.plist */,
				322797F42374A0200049B19D /* main.m */,
			);
			path = "ios-Numbers";
			sourceTree = "<group>";
		};
/* End PBXGroup section */

/* Begin PBXNativeTarget section */
		322797DE2374A01D0049B19D /* ios-Numbers */ = {
			isa = PBXNativeTarget;
			buildConfigurationList = 322797F82374A0200049B19D /* Build configuration list for PBXNativeTarget "ios-Numbers" */;
			buildPhases = (
				322797DB2374A01D0049B19D /* Sources */,
				322797DC2374A01D0049B19D /* Frameworks */,
				322797DD2374A01D0049B19D /* Resources */,
			);
			buildRules = (
			);
			dependencies = (
			);
			name = "ios-Numbers";
			productName = "ios-Numbers";
			productReference = 322797DF2374A01D0049B19D /* ios-Numbers.app */;
			productType = "com.apple.product-type.application";
		};
/* End PBXNativeTarget section */

/* Begin PBXProject section */
		322797D72374A01D0049B19D /* Project object */ = {
			isa = PBXProject;
			attributes = {
				LastUpgradeCheck = 1120;
				ORGANIZATIONNAME = "jake connerly";
				TargetAttributes = {
					322797DE2374A01D0049B19D = {
						CreatedOnToolsVersion = 11.2;
					};
				};
			};
			buildConfigurationList = 322797DA2374A01D0049B19D /* Build configuration list for PBXProject "ios-Numbers" */;
			compatibilityVersion = "Xcode 9.3";
			developmentRegion = en;
			hasScannedForEncodings = 0;
			knownRegions = (
				en,
				Base,
			);
			mainGroup = 322797D62374A01D0049B19D;
			productRefGroup = 322797E02374A01D0049B19D /* Products */;
			projectDirPath = "";
			projectRoot = "";
			targets = (
				322797DE2374A01D0049B19D /* ios-Numbers */,
			);
		};
/* End PBXProject section */

/* Begin PBXResourcesBuildPhase section */
		322797DD2374A01D0049B19D /* Resources */ = {
			isa = PBXResourcesBuildPhase;
			buildActionMask = 2147483647;
			files = (
				322797F22374A0200049B19D /* LaunchScreen.storyboard in Resources */,
				322797EF2374A0200049B19D /* Assets.xcassets in Resources */,
				322797ED2374A01D0049B19D /* Main.storyboard in Resources */,
			);
			runOnlyForDeploymentPostprocessing = 0;
		};
/* End PBXResourcesBuildPhase section */

/* Begin PBXSourcesBuildPhase section */
		322797DB2374A01D0049B19D /* Sources */ = {
			isa = PBXSourcesBuildPhase;
			buildActionMask = 2147483647;
			files = (
				322797EA2374A01D0049B19D /* ViewController.m in Sources */,
				322797E42374A01D0049B19D /* AppDelegate.m in Sources */,
				322797F52374A0200049B19D /* main.m in Sources */,
				322797E72374A01D0049B19D /* SceneDelegate.m in Sources */,
				322797FD2374A7BA0049B19D /* LSIPerson.m in Sources */,
			);
			runOnlyForDeploymentPostprocessing = 0;
		};
/* End PBXSourcesBuildPhase section */

/* Begin PBXVariantGroup section */
		322797EB2374A01D0049B19D /* Main.storyboard */ = {
			isa = PBXVariantGroup;
			children = (
				322797EC2374A01D0049B19D /* Base */,
			);
			name = Main.storyboard;
			sourceTree = "<group>";
		};
		322797F02374A0200049B19D /* LaunchScreen.storyboard */ = {
			isa = PBXVariantGroup;
			children = (
				322797F12374A0200049B19D /* Base */,
			);
			name = LaunchScreen.storyboard;
			sourceTree = "<group>";
		};
/* End PBXVariantGroup section */

/* Begin XCBuildConfiguration section */
		322797F62374A0200049B19D /* Debug */ = {
			isa = XCBuildConfiguration;
			buildSettings = {
				ALWAYS_SEARCH_USER_PATHS = NO;
				CLANG_ANALYZER_NONNULL = YES;
				CLANG_ANALYZER_NUMBER_OBJECT_CONVERSION = YES_AGGRESSIVE;
				CLANG_CXX_LANGUAGE_STANDARD = "gnu++14";
				CLANG_CXX_LIBRARY = "libc++";
				CLANG_ENABLE_MODULES = YES;
				CLANG_ENABLE_OBJC_ARC = YES;
				CLANG_ENABLE_OBJC_WEAK = YES;
				CLANG_WARN_BLOCK_CAPTURE_AUTORELEASING = YES;
				CLANG_WARN_BOOL_CONVERSION = YES;
				CLANG_WARN_COMMA = YES;
				CLANG_WARN_CONSTANT_CONVERSION = YES;
				CLANG_WARN_DEPRECATED_OBJC_IMPLEMENTATIONS = YES;
				CLANG_WARN_DIRECT_OBJC_ISA_USAGE = YES_ERROR;
				CLANG_WARN_DOCUMENTATION_COMMENTS = YES;
				CLANG_WARN_EMPTY_BODY = YES;
				CLANG_WARN_ENUM_CONVERSION = YES;
				CLANG_WARN_INFINITE_RECURSION = YES;
				CLANG_WARN_INT_CONVERSION = YES;
				CLANG_WARN_NON_LITERAL_NULL_CONVERSION = YES;
				CLANG_WARN_OBJC_IMPLICIT_RETAIN_SELF = YES;
				CLANG_WARN_OBJC_LITERAL_CONVERSION = YES;
				CLANG_WARN_OBJC_ROOT_CLASS = YES_ERROR;
				CLANG_WARN_RANGE_LOOP_ANALYSIS = YES;
				CLANG_WARN_STRICT_PROTOTYPES = YES;
				CLANG_WARN_SUSPICIOUS_MOVE = YES;
				CLANG_WARN_UNGUARDED_AVAILABILITY = YES_AGGRESSIVE;
				CLANG_WARN_UNREACHABLE_CODE = YES;
				CLANG_WARN__DUPLICATE_METHOD_MATCH = YES;
				COPY_PHASE_STRIP = NO;
				DEBUG_INFORMATION_FORMAT = dwarf;
				ENABLE_STRICT_OBJC_MSGSEND = YES;
				ENABLE_TESTABILITY = YES;
				GCC_C_LANGUAGE_STANDARD = gnu11;
				GCC_DYNAMIC_NO_PIC = NO;
				GCC_NO_COMMON_BLOCKS = YES;
				GCC_OPTIMIZATION_LEVEL = 0;
				GCC_PREPROCESSOR_DEFINITIONS = (
					"DEBUG=1",
					"$(inherited)",
				);
				GCC_WARN_64_TO_32_BIT_CONVERSION = YES;
				GCC_WARN_ABOUT_RETURN_TYPE = YES_ERROR;
				GCC_WARN_UNDECLARED_SELECTOR = YES;
				GCC_WARN_UNINITIALIZED_AUTOS = YES_AGGRESSIVE;
				GCC_WARN_UNUSED_FUNCTION = YES;
				GCC_WARN_UNUSED_VARIABLE = YES;
				IPHONEOS_DEPLOYMENT_TARGET = 13.2;
				MTL_ENABLE_DEBUG_INFO = INCLUDE_SOURCE;
				MTL_FAST_MATH = YES;
				ONLY_ACTIVE_ARCH = YES;
				SDKROOT = iphoneos;
			};
			name = Debug;
		};
		322797F72374A0200049B19D /* Release */ = {
			isa = XCBuildConfiguration;
			buildSettings = {
				ALWAYS_SEARCH_USER_PATHS = NO;
				CLANG_ANALYZER_NONNULL = YES;
				CLANG_ANALYZER_NUMBER_OBJECT_CONVERSION = YES_AGGRESSIVE;
				CLANG_CXX_LANGUAGE_STANDARD = "gnu++14";
				CLANG_CXX_LIBRARY = "libc++";
				CLANG_ENABLE_MODULES = YES;
				CLANG_ENABLE_OBJC_ARC = YES;
				CLANG_ENABLE_OBJC_WEAK = YES;
				CLANG_WARN_BLOCK_CAPTURE_AUTORELEASING = YES;
				CLANG_WARN_BOOL_CONVERSION = YES;
				CLANG_WARN_COMMA = YES;
				CLANG_WARN_CONSTANT_CONVERSION = YES;
				CLANG_WARN_DEPRECATED_OBJC_IMPLEMENTATIONS = YES;
				CLANG_WARN_DIRECT_OBJC_ISA_USAGE = YES_ERROR;
				CLANG_WARN_DOCUMENTATION_COMMENTS = YES;
				CLANG_WARN_EMPTY_BODY = YES;
				CLANG_WARN_ENUM_CONVERSION = YES;
				CLANG_WARN_INFINITE_RECURSION = YES;
				CLANG_WARN_INT_CONVERSION = YES;
				CLANG_WARN_NON_LITERAL_NULL_CONVERSION = YES;
				CLANG_WARN_OBJC_IMPLICIT_RETAIN_SELF = YES;
				CLANG_WARN_OBJC_LITERAL_CONVERSION = YES;
				CLANG_WARN_OBJC_ROOT_CLASS = YES_ERROR;
				CLANG_WARN_RANGE_LOOP_ANALYSIS = YES;
				CLANG_WARN_STRICT_PROTOTYPES = YES;
				CLANG_WARN_SUSPICIOUS_MOVE = YES;
				CLANG_WARN_UNGUARDED_AVAILABILITY = YES_AGGRESSIVE;
				CLANG_WARN_UNREACHABLE_CODE = YES;
				CLANG_WARN__DUPLICATE_METHOD_MATCH = YES;
				COPY_PHASE_STRIP = NO;
				DEBUG_INFORMATION_FORMAT = "dwarf-with-dsym";
				ENABLE_NS_ASSERTIONS = NO;
				ENABLE_STRICT_OBJC_MSGSEND = YES;
				GCC_C_LANGUAGE_STANDARD = gnu11;
				GCC_NO_COMMON_BLOCKS = YES;
				GCC_WARN_64_TO_32_BIT_CONVERSION = YES;
				GCC_WARN_ABOUT_RETURN_TYPE = YES_ERROR;
				GCC_WARN_UNDECLARED_SELECTOR = YES;
				GCC_WARN_UNINITIALIZED_AUTOS = YES_AGGRESSIVE;
				GCC_WARN_UNUSED_FUNCTION = YES;
				GCC_WARN_UNUSED_VARIABLE = YES;
				IPHONEOS_DEPLOYMENT_TARGET = 13.2;
				MTL_ENABLE_DEBUG_INFO = NO;
				MTL_FAST_MATH = YES;
				SDKROOT = iphoneos;
				VALIDATE_PRODUCT = YES;
			};
			name = Release;
		};
		322797F92374A0200049B19D /* Debug */ = {
			isa = XCBuildConfiguration;
			buildSettings = {
				ASSETCATALOG_COMPILER_APPICON_NAME = AppIcon;
				CODE_SIGN_STYLE = Automatic;
				DEVELOPMENT_TEAM = YM84C6XKT7;
				INFOPLIST_FILE = "ios-Numbers/Info.plist";
				LD_RUNPATH_SEARCH_PATHS = (
					"$(inherited)",
					"@executable_path/Frameworks",
				);
				PRODUCT_BUNDLE_IDENTIFIER = "com.jakeconnerly.ios-Numbers";
				PRODUCT_NAME = "$(TARGET_NAME)";
				TARGETED_DEVICE_FAMILY = "1,2";
			};
			name = Debug;
		};
		322797FA2374A0200049B19D /* Release */ = {
			isa = XCBuildConfiguration;
			buildSettings = {
				ASSETCATALOG_COMPILER_APPICON_NAME = AppIcon;
				CODE_SIGN_STYLE = Automatic;
				DEVELOPMENT_TEAM = YM84C6XKT7;
				INFOPLIST_FILE = "ios-Numbers/Info.plist";
				LD_RUNPATH_SEARCH_PATHS = (
					"$(inherited)",
					"@executable_path/Frameworks",
				);
				PRODUCT_BUNDLE_IDENTIFIER = "com.jakeconnerly.ios-Numbers";
				PRODUCT_NAME = "$(TARGET_NAME)";
				TARGETED_DEVICE_FAMILY = "1,2";
			};
			name = Release;
		};
/* End XCBuildConfiguration section */

/* Begin XCConfigurationList section */
		322797DA2374A01D0049B19D /* Build configuration list for PBXProject "ios-Numbers" */ = {
			isa = XCConfigurationList;
			buildConfigurations = (
				322797F62374A0200049B19D /* Debug */,
				322797F72374A0200049B19D /* Release */,
			);
			defaultConfigurationIsVisible = 0;
			defaultConfigurationName = Release;
		};
		322797F82374A0200049B19D /* Build configuration list for PBXNativeTarget "ios-Numbers" */ = {
			isa = XCConfigurationList;
			buildConfigurations = (
				322797F92374A0200049B19D /* Debug */,
				322797FA2374A0200049B19D /* Release */,
			);
			defaultConfigurationIsVisible = 0;
			defaultConfigurationName = Release;
		};
/* End XCConfigurationList section */
	};
	rootObject = 322797D72374A01D0049B19D /* Project object */;
}
